
Microsoft Visual Studio Solution File, Format Version 12.00
# Visual Studio 15
VisualStudioVersion = 15.0.28307.421
MinimumVisualStudioVersion = 10.0.40219.1
Project("{FAE04EC0-301F-11D3-BF4B-00C04F79EFBC}") = "LiveLarn.Service.Identity", "LiveLarn.Service.Identity\LiveLarn.Service.Identity.csproj", "{CC395811-6432-4028-89BA-716293951D30}"
EndProject
Project("{FAE04EC0-301F-11D3-BF4B-00C04F79EFBC}") = "LiveLarn.Core", "LiveLarn.Core\LiveLarn.Core.csproj", "{D13A1F58-6911-4F77-81D8-89FF0E3972B3}"
EndProject
Global
	GlobalSection(SolutionConfigurationPlatforms) = preSolution
		Debug|Any CPU = Debug|Any CPU
		Release|Any CPU = Release|Any CPU
	EndGlobalSection
	GlobalSection(ProjectConfigurationPlatforms) = postSolution
		{CC395811-6432-4028-89BA-716293951D30}.Debug|Any CPU.ActiveCfg = Debug|Any CPU
		{CC395811-6432-4028-89BA-716293951D30}.Debug|Any CPU.Build.0 = Debug|Any CPU
		{CC395811-6432-4028-89BA-716293951D30}.Release|Any CPU.ActiveCfg = Release|Any CPU
		{CC395811-6432-4028-89BA-716293951D30}.Release|Any CPU.Build.0 = Release|Any CPU
		{D13A1F58-6911-4F77-81D8-89FF0E3972B3}.Debug|Any CPU.ActiveCfg = Debug|Any CPU
		{D13A1F58-6911-4F77-81D8-89FF0E3972B3}.Debug|Any CPU.Build.0 = Debug|Any CPU
		{D13A1F58-6911-4F77-81D8-89FF0E3972B3}.Release|Any CPU.ActiveCfg = Release|Any CPU
		{D13A1F58-6911-4F77-81D8-89FF0E3972B3}.Release|Any CPU.Build.0 = Release|Any CPU
	EndGlobalSection
	GlobalSection(SolutionProperties) = preSolution
		HideSolutionNode = FALSE
	EndGlobalSection
	GlobalSection(ExtensibilityGlobals) = postSolution
		SolutionGuid = {13CCAD02-1C11-4698-9CA7-5DB3A36B25E7}
	EndGlobalSection
EndGlobal
