
Microsoft Visual Studio Solution File, Format Version 12.00
# Visual Studio 15
VisualStudioVersion = 15.0.28307.421
MinimumVisualStudioVersion = 10.0.40219.1
Project("{9A19103F-16F7-4668-BE54-9A1E7A4F7556}") = "LiveLarn.Service.Identity", "LiveLarn.Service.Identity\LiveLarn.Service.Identity.csproj", "{CC395811-6432-4028-89BA-716293951D30}"
EndProject
Project("{9A19103F-16F7-4668-BE54-9A1E7A4F7556}") = "LiveLarn.Core", "LiveLarn.Core\LiveLarn.Core.csproj", "{D13A1F58-6911-4F77-81D8-89FF0E3972B3}"
EndProject
Project("{FAE04EC0-301F-11D3-BF4B-00C04F79EFBC}") = "LiveLarn.Service.Company", "LiveLarn.Service.Company\LiveLarn.Service.Company.csproj", "{2B7797B1-AE5B-48C8-A7C0-EFCAE1FCF714}"
EndProject
Project("{FAE04EC0-301F-11D3-BF4B-00C04F79EFBC}") = "LiveLarn.Service.Lookup", "LiveLarn.Service.Lookup\LiveLarn.Service.Lookup.csproj", "{4574C11B-1787-4642-A630-FA26D943F967}"
EndProject
Global
	GlobalSection(SolutionConfigurationPlatforms) = preSolution
		Debug|Any CPU = Debug|Any CPU
		Release|Any CPU = Release|Any CPU
	EndGlobalSection
	GlobalSection(ProjectConfigurationPlatforms) = postSolution
		{CC395811-6432-4028-89BA-716293951D30}.Debug|Any CPU.ActiveCfg = Debug|Any CPU
		{CC395811-6432-4028-89BA-716293951D30}.Debug|Any CPU.Build.0 = Debug|Any CPU
		{CC395811-6432-4028-89BA-716293951D30}.Release|Any CPU.ActiveCfg = Release|Any CPU
		{CC395811-6432-4028-89BA-716293951D30}.Release|Any CPU.Build.0 = Release|Any CPU
		{D13A1F58-6911-4F77-81D8-89FF0E3972B3}.Debug|Any CPU.ActiveCfg = Debug|Any CPU
		{D13A1F58-6911-4F77-81D8-89FF0E3972B3}.Debug|Any CPU.Build.0 = Debug|Any CPU
		{D13A1F58-6911-4F77-81D8-89FF0E3972B3}.Release|Any CPU.ActiveCfg = Release|Any CPU
		{D13A1F58-6911-4F77-81D8-89FF0E3972B3}.Release|Any CPU.Build.0 = Release|Any CPU
		{2B7797B1-AE5B-48C8-A7C0-EFCAE1FCF714}.Debug|Any CPU.ActiveCfg = Debug|Any CPU
		{2B7797B1-AE5B-48C8-A7C0-EFCAE1FCF714}.Debug|Any CPU.Build.0 = Debug|Any CPU
		{2B7797B1-AE5B-48C8-A7C0-EFCAE1FCF714}.Release|Any CPU.ActiveCfg = Release|Any CPU
		{2B7797B1-AE5B-48C8-A7C0-EFCAE1FCF714}.Release|Any CPU.Build.0 = Release|Any CPU
		{4574C11B-1787-4642-A630-FA26D943F967}.Debug|Any CPU.ActiveCfg = Debug|Any CPU
		{4574C11B-1787-4642-A630-FA26D943F967}.Debug|Any CPU.Build.0 = Debug|Any CPU
		{4574C11B-1787-4642-A630-FA26D943F967}.Release|Any CPU.ActiveCfg = Release|Any CPU
		{4574C11B-1787-4642-A630-FA26D943F967}.Release|Any CPU.Build.0 = Release|Any CPU
	EndGlobalSection
	GlobalSection(SolutionProperties) = preSolution
		HideSolutionNode = FALSE
	EndGlobalSection
	GlobalSection(ExtensibilityGlobals) = postSolution
		SolutionGuid = {13CCAD02-1C11-4698-9CA7-5DB3A36B25E7}
	EndGlobalSection
EndGlobal
