
Microsoft Visual Studio Solution File, Format Version 12.00
# Visual Studio 15
VisualStudioVersion = 15.0.28307.421
MinimumVisualStudioVersion = 10.0.40219.1
Project("{9A19103F-16F7-4668-BE54-9A1E7A4F7556}") = "LiveLarn.Service.Identity", "LiveLarn.Service.Identity\LiveLarn.Service.Identity.csproj", "{CC395811-6432-4028-89BA-716293951D30}"
EndProject
Project("{9A19103F-16F7-4668-BE54-9A1E7A4F7556}") = "LiveLarn.Core", "LiveLarn.Core\LiveLarn.Core.csproj", "{D13A1F58-6911-4F77-81D8-89FF0E3972B3}"
EndProject
Project("{9A19103F-16F7-4668-BE54-9A1E7A4F7556}") = "LiveLarn.Service.User", "LiveLarn.Service.User\LiveLarn.Service.User.csproj", "{1F454BEC-7C4D-4C57-BFE6-EBE8DEC00677}"
EndProject
Project("{9A19103F-16F7-4668-BE54-9A1E7A4F7556}") = "LiveLarn.Service.Company", "LiveLarn.Service.Company\LiveLarn.Service.Company.csproj", "{EB6C7479-08A5-481F-B8BA-F39D1ABB91EE}"
EndProject
Project("{9A19103F-16F7-4668-BE54-9A1E7A4F7556}") = "LiveLarn.Service.Lookup", "LiveLarn.Service.Lookup\LiveLarn.Service.Lookup.csproj", "{7A1F6B5D-ADF8-4FDE-8ADF-9B869ADE5949}"
EndProject
Global
	GlobalSection(SolutionConfigurationPlatforms) = preSolution
		Debug|Any CPU = Debug|Any CPU
		Release|Any CPU = Release|Any CPU
	EndGlobalSection
	GlobalSection(ProjectConfigurationPlatforms) = postSolution
		{CC395811-6432-4028-89BA-716293951D30}.Debug|Any CPU.ActiveCfg = Debug|Any CPU
		{CC395811-6432-4028-89BA-716293951D30}.Debug|Any CPU.Build.0 = Debug|Any CPU
		{CC395811-6432-4028-89BA-716293951D30}.Release|Any CPU.ActiveCfg = Release|Any CPU
		{CC395811-6432-4028-89BA-716293951D30}.Release|Any CPU.Build.0 = Release|Any CPU
		{D13A1F58-6911-4F77-81D8-89FF0E3972B3}.Debug|Any CPU.ActiveCfg = Debug|Any CPU
		{D13A1F58-6911-4F77-81D8-89FF0E3972B3}.Debug|Any CPU.Build.0 = Debug|Any CPU
		{D13A1F58-6911-4F77-81D8-89FF0E3972B3}.Release|Any CPU.ActiveCfg = Release|Any CPU
		{D13A1F58-6911-4F77-81D8-89FF0E3972B3}.Release|Any CPU.Build.0 = Release|Any CPU
		{1F454BEC-7C4D-4C57-BFE6-EBE8DEC00677}.Debug|Any CPU.ActiveCfg = Debug|Any CPU
		{1F454BEC-7C4D-4C57-BFE6-EBE8DEC00677}.Debug|Any CPU.Build.0 = Debug|Any CPU
		{1F454BEC-7C4D-4C57-BFE6-EBE8DEC00677}.Release|Any CPU.ActiveCfg = Release|Any CPU
		{1F454BEC-7C4D-4C57-BFE6-EBE8DEC00677}.Release|Any CPU.Build.0 = Release|Any CPU
		{EB6C7479-08A5-481F-B8BA-F39D1ABB91EE}.Debug|Any CPU.ActiveCfg = Debug|Any CPU
		{EB6C7479-08A5-481F-B8BA-F39D1ABB91EE}.Debug|Any CPU.Build.0 = Debug|Any CPU
		{EB6C7479-08A5-481F-B8BA-F39D1ABB91EE}.Release|Any CPU.ActiveCfg = Release|Any CPU
		{EB6C7479-08A5-481F-B8BA-F39D1ABB91EE}.Release|Any CPU.Build.0 = Release|Any CPU
		{7A1F6B5D-ADF8-4FDE-8ADF-9B869ADE5949}.Debug|Any CPU.ActiveCfg = Debug|Any CPU
		{7A1F6B5D-ADF8-4FDE-8ADF-9B869ADE5949}.Debug|Any CPU.Build.0 = Debug|Any CPU
		{7A1F6B5D-ADF8-4FDE-8ADF-9B869ADE5949}.Release|Any CPU.ActiveCfg = Release|Any CPU
		{7A1F6B5D-ADF8-4FDE-8ADF-9B869ADE5949}.Release|Any CPU.Build.0 = Release|Any CPU
	EndGlobalSection
	GlobalSection(SolutionProperties) = preSolution
		HideSolutionNode = FALSE
	EndGlobalSection
	GlobalSection(ExtensibilityGlobals) = postSolution
		SolutionGuid = {13CCAD02-1C11-4698-9CA7-5DB3A36B25E7}
	EndGlobalSection
EndGlobal
